
Microsoft Visual Studio Solution File, Format Version 12.00
# Visual Studio Version 16
VisualStudioVersion = 16.0.34601.136
MinimumVisualStudioVersion = 10.0.40219.1
Project("{FAE04EC0-301F-11D3-BF4B-00C04F79EFBC}") = "PrefetchTool", "PrefetchTool.csproj", "{C61B8B99-FE50-489F-B80E-98D8FECD3F41}"
EndProject
Global
	GlobalSection(SolutionConfigurationPlatforms) = preSolution
		Debug|Any CPU = Debug|Any CPU
		Release|Any CPU = Release|Any CPU
	EndGlobalSection
	GlobalSection(ProjectConfigurationPlatforms) = postSolution
		{C61B8B99-FE50-489F-B80E-98D8FECD3F41}.Debug|Any CPU.ActiveCfg = Debug|Any CPU
		{C61B8B99-FE50-489F-B80E-98D8FECD3F41}.Debug|Any CPU.Build.0 = Debug|Any CPU
		{C61B8B99-FE50-489F-B80E-98D8FECD3F41}.Release|Any CPU.ActiveCfg = Release|Any CPU
		{C61B8B99-FE50-489F-B80E-98D8FECD3F41}.Release|Any CPU.Build.0 = Release|Any CPU
	EndGlobalSection
	GlobalSection(SolutionProperties) = preSolution
		HideSolutionNode = FALSE
	EndGlobalSection
	GlobalSection(ExtensibilityGlobals) = postSolution
		SolutionGuid = {0C010F48-AEA5-4E55-867F-DFF0B4361D02}
	EndGlobalSection
EndGlobal
